
Microsoft Visual Studio Solution File, Format Version 12.00
# Visual Studio Version 16
VisualStudioVersion = 16.0.30128.74
MinimumVisualStudioVersion = 10.0.40219.1
Project("{8BC9CEB8-8B4A-11D0-8D11-00A0C91BC942}") = "DataStructures", "DataStructures\DataStructures.vcxproj", "{B48578ED-80EE-4A19-A828-95B86D828F82}"
EndProject
Project("{8BC9CEB8-8B4A-11D0-8D11-00A0C91BC942}") = "ProblemSolving", "ProblemSolving\ProblemSolving.vcxproj", "{D481D070-3AD1-4A33-95E9-4874AA899297}"
EndProject
Global
	GlobalSection(SolutionConfigurationPlatforms) = preSolution
		Debug|x64 = Debug|x64
		Debug|x86 = Debug|x86
		Release|x64 = Release|x64
		Release|x86 = Release|x86
	EndGlobalSection
	GlobalSection(ProjectConfigurationPlatforms) = postSolution
		{B48578ED-80EE-4A19-A828-95B86D828F82}.Debug|x64.ActiveCfg = Debug|x64
		{B48578ED-80EE-4A19-A828-95B86D828F82}.Debug|x64.Build.0 = Debug|x64
		{B48578ED-80EE-4A19-A828-95B86D828F82}.Debug|x86.ActiveCfg = Debug|Win32
		{B48578ED-80EE-4A19-A828-95B86D828F82}.Debug|x86.Build.0 = Debug|Win32
		{B48578ED-80EE-4A19-A828-95B86D828F82}.Release|x64.ActiveCfg = Release|x64
		{B48578ED-80EE-4A19-A828-95B86D828F82}.Release|x64.Build.0 = Release|x64
		{B48578ED-80EE-4A19-A828-95B86D828F82}.Release|x86.ActiveCfg = Release|Win32
		{B48578ED-80EE-4A19-A828-95B86D828F82}.Release|x86.Build.0 = Release|Win32
		{D481D070-3AD1-4A33-95E9-4874AA899297}.Debug|x64.ActiveCfg = Debug|x64
		{D481D070-3AD1-4A33-95E9-4874AA899297}.Debug|x64.Build.0 = Debug|x64
		{D481D070-3AD1-4A33-95E9-4874AA899297}.Debug|x86.ActiveCfg = Debug|Win32
		{D481D070-3AD1-4A33-95E9-4874AA899297}.Debug|x86.Build.0 = Debug|Win32
		{D481D070-3AD1-4A33-95E9-4874AA899297}.Release|x64.ActiveCfg = Release|x64
		{D481D070-3AD1-4A33-95E9-4874AA899297}.Release|x64.Build.0 = Release|x64
		{D481D070-3AD1-4A33-95E9-4874AA899297}.Release|x86.ActiveCfg = Release|Win32
		{D481D070-3AD1-4A33-95E9-4874AA899297}.Release|x86.Build.0 = Release|Win32
	EndGlobalSection
	GlobalSection(SolutionProperties) = preSolution
		HideSolutionNode = FALSE
	EndGlobalSection
	GlobalSection(ExtensibilityGlobals) = postSolution
		SolutionGuid = {61B4D243-B549-4DC7-9540-EC1D5A3343D9}
	EndGlobalSection
EndGlobal
